
Microsoft Visual Studio Solution File, Format Version 12.00
# Visual Studio Version 17
VisualStudioVersion = 17.0.32112.339
MinimumVisualStudioVersion = 10.0.40219.1
Project("{9A19103F-16F7-4668-BE54-9A1E7A4F7556}") = "Singleton", "Singleton\Singleton.csproj", "{124F43E3-5F88-442F-9913-43DA45514290}"
EndProject
Project("{9A19103F-16F7-4668-BE54-9A1E7A4F7556}") = "Prototype", "Prototype\Prototype.csproj", "{444585CB-042E-4628-AC73-91CDB7EC22C6}"
EndProject
Project("{9A19103F-16F7-4668-BE54-9A1E7A4F7556}") = "BuilderPattern", "BuilderPattern\BuilderPattern.csproj", "{7D6A4DB9-81CB-4187-9D18-FF6C79C1E01B}"
EndProject
Project("{9A19103F-16F7-4668-BE54-9A1E7A4F7556}") = "FactoryMethodPattern", "FactoryMethodPattern\FactoryMethodPattern.csproj", "{1FE75BB2-6F7F-46BC-894B-879C18D49D59}"
EndProject
Project("{9A19103F-16F7-4668-BE54-9A1E7A4F7556}") = "AbstractFactoryPattern", "AbstractFactoryPattern\AbstractFactoryPattern.csproj", "{FF38AAB3-737A-4DEA-BB67-6DDA76D9A896}"
EndProject
Project("{9A19103F-16F7-4668-BE54-9A1E7A4F7556}") = "ProxyPattern", "ProxyPattern\ProxyPattern.csproj", "{2BBEA300-C4C0-4235-BB8B-E3CB278029EA}"
EndProject
Project("{9A19103F-16F7-4668-BE54-9A1E7A4F7556}") = "DecoratorPattern", "DecoratorPattern\DecoratorPattern.csproj", "{9EBBDFA4-852B-4AB9-898F-D1053A3CFCF1}"
EndProject
Project("{9A19103F-16F7-4668-BE54-9A1E7A4F7556}") = "AdapterPattern", "AdapterPattern\AdapterPattern.csproj", "{0D2990BF-9C5A-4266-8C22-6A3393755888}"
EndProject
Project("{9A19103F-16F7-4668-BE54-9A1E7A4F7556}") = "FacadePattern", "FacadePattern\FacadePattern.csproj", "{FBED1D21-4813-4B02-AE42-54CD85AB5469}"
EndProject
Project("{9A19103F-16F7-4668-BE54-9A1E7A4F7556}") = "FlyweightPattern", "FlyweightPattern\FlyweightPattern.csproj", "{1185454E-4C9B-40E0-B6EF-61F66F25F8B4}"
EndProject
Project("{9A19103F-16F7-4668-BE54-9A1E7A4F7556}") = "CompositePattern", "CompositePattern\CompositePattern.csproj", "{E1A0601B-8A08-4789-8E6D-FB78C83423AA}"
EndProject
Project("{9A19103F-16F7-4668-BE54-9A1E7A4F7556}") = "BridgePattern", "BridgePattern\BridgePattern.csproj", "{74A6EA61-E9B2-4AC6-A56C-55D4372243BB}"
EndProject
Project("{9A19103F-16F7-4668-BE54-9A1E7A4F7556}") = "VisitorPattern", "VisitorPattern\VisitorPattern.csproj", "{5BCAAF3D-B0CB-41FB-BA3D-15119281BDD9}"
EndProject
Project("{FAE04EC0-301F-11D3-BF4B-00C04F79EFBC}") = "VisitorCompositePatterns", "VisitorCompositePatterns\VisitorCompositePatterns.csproj", "{DBA3465C-7F6B-4C95-8FB5-74EED7C8F215}"
EndProject
Project("{FAE04EC0-301F-11D3-BF4B-00C04F79EFBC}") = "ObserverPattern", "ObserverPattern\ObserverPattern.csproj", "{DFB2D41E-7697-4820-B913-3D72E3F4B589}"
EndProject
Global
	GlobalSection(SolutionConfigurationPlatforms) = preSolution
		Debug|Any CPU = Debug|Any CPU
		Release|Any CPU = Release|Any CPU
	EndGlobalSection
	GlobalSection(ProjectConfigurationPlatforms) = postSolution
		{124F43E3-5F88-442F-9913-43DA45514290}.Debug|Any CPU.ActiveCfg = Debug|Any CPU
		{124F43E3-5F88-442F-9913-43DA45514290}.Debug|Any CPU.Build.0 = Debug|Any CPU
		{124F43E3-5F88-442F-9913-43DA45514290}.Release|Any CPU.ActiveCfg = Release|Any CPU
		{124F43E3-5F88-442F-9913-43DA45514290}.Release|Any CPU.Build.0 = Release|Any CPU
		{444585CB-042E-4628-AC73-91CDB7EC22C6}.Debug|Any CPU.ActiveCfg = Debug|Any CPU
		{444585CB-042E-4628-AC73-91CDB7EC22C6}.Debug|Any CPU.Build.0 = Debug|Any CPU
		{444585CB-042E-4628-AC73-91CDB7EC22C6}.Release|Any CPU.ActiveCfg = Release|Any CPU
		{444585CB-042E-4628-AC73-91CDB7EC22C6}.Release|Any CPU.Build.0 = Release|Any CPU
		{7D6A4DB9-81CB-4187-9D18-FF6C79C1E01B}.Debug|Any CPU.ActiveCfg = Debug|Any CPU
		{7D6A4DB9-81CB-4187-9D18-FF6C79C1E01B}.Debug|Any CPU.Build.0 = Debug|Any CPU
		{7D6A4DB9-81CB-4187-9D18-FF6C79C1E01B}.Release|Any CPU.ActiveCfg = Release|Any CPU
		{7D6A4DB9-81CB-4187-9D18-FF6C79C1E01B}.Release|Any CPU.Build.0 = Release|Any CPU
		{1FE75BB2-6F7F-46BC-894B-879C18D49D59}.Debug|Any CPU.ActiveCfg = Debug|Any CPU
		{1FE75BB2-6F7F-46BC-894B-879C18D49D59}.Debug|Any CPU.Build.0 = Debug|Any CPU
		{1FE75BB2-6F7F-46BC-894B-879C18D49D59}.Release|Any CPU.ActiveCfg = Release|Any CPU
		{1FE75BB2-6F7F-46BC-894B-879C18D49D59}.Release|Any CPU.Build.0 = Release|Any CPU
		{FF38AAB3-737A-4DEA-BB67-6DDA76D9A896}.Debug|Any CPU.ActiveCfg = Debug|Any CPU
		{FF38AAB3-737A-4DEA-BB67-6DDA76D9A896}.Debug|Any CPU.Build.0 = Debug|Any CPU
		{FF38AAB3-737A-4DEA-BB67-6DDA76D9A896}.Release|Any CPU.ActiveCfg = Release|Any CPU
		{FF38AAB3-737A-4DEA-BB67-6DDA76D9A896}.Release|Any CPU.Build.0 = Release|Any CPU
		{2BBEA300-C4C0-4235-BB8B-E3CB278029EA}.Debug|Any CPU.ActiveCfg = Debug|Any CPU
		{2BBEA300-C4C0-4235-BB8B-E3CB278029EA}.Debug|Any CPU.Build.0 = Debug|Any CPU
		{2BBEA300-C4C0-4235-BB8B-E3CB278029EA}.Release|Any CPU.ActiveCfg = Release|Any CPU
		{2BBEA300-C4C0-4235-BB8B-E3CB278029EA}.Release|Any CPU.Build.0 = Release|Any CPU
		{9EBBDFA4-852B-4AB9-898F-D1053A3CFCF1}.Debug|Any CPU.ActiveCfg = Debug|Any CPU
		{9EBBDFA4-852B-4AB9-898F-D1053A3CFCF1}.Debug|Any CPU.Build.0 = Debug|Any CPU
		{9EBBDFA4-852B-4AB9-898F-D1053A3CFCF1}.Release|Any CPU.ActiveCfg = Release|Any CPU
		{9EBBDFA4-852B-4AB9-898F-D1053A3CFCF1}.Release|Any CPU.Build.0 = Release|Any CPU
		{0D2990BF-9C5A-4266-8C22-6A3393755888}.Debug|Any CPU.ActiveCfg = Debug|Any CPU
		{0D2990BF-9C5A-4266-8C22-6A3393755888}.Debug|Any CPU.Build.0 = Debug|Any CPU
		{0D2990BF-9C5A-4266-8C22-6A3393755888}.Release|Any CPU.ActiveCfg = Release|Any CPU
		{0D2990BF-9C5A-4266-8C22-6A3393755888}.Release|Any CPU.Build.0 = Release|Any CPU
		{FBED1D21-4813-4B02-AE42-54CD85AB5469}.Debug|Any CPU.ActiveCfg = Debug|Any CPU
		{FBED1D21-4813-4B02-AE42-54CD85AB5469}.Debug|Any CPU.Build.0 = Debug|Any CPU
		{FBED1D21-4813-4B02-AE42-54CD85AB5469}.Release|Any CPU.ActiveCfg = Release|Any CPU
		{FBED1D21-4813-4B02-AE42-54CD85AB5469}.Release|Any CPU.Build.0 = Release|Any CPU
		{1185454E-4C9B-40E0-B6EF-61F66F25F8B4}.Debug|Any CPU.ActiveCfg = Debug|Any CPU
		{1185454E-4C9B-40E0-B6EF-61F66F25F8B4}.Debug|Any CPU.Build.0 = Debug|Any CPU
		{1185454E-4C9B-40E0-B6EF-61F66F25F8B4}.Release|Any CPU.ActiveCfg = Release|Any CPU
		{1185454E-4C9B-40E0-B6EF-61F66F25F8B4}.Release|Any CPU.Build.0 = Release|Any CPU
		{E1A0601B-8A08-4789-8E6D-FB78C83423AA}.Debug|Any CPU.ActiveCfg = Debug|Any CPU
		{E1A0601B-8A08-4789-8E6D-FB78C83423AA}.Debug|Any CPU.Build.0 = Debug|Any CPU
		{E1A0601B-8A08-4789-8E6D-FB78C83423AA}.Release|Any CPU.ActiveCfg = Release|Any CPU
		{E1A0601B-8A08-4789-8E6D-FB78C83423AA}.Release|Any CPU.Build.0 = Release|Any CPU
		{74A6EA61-E9B2-4AC6-A56C-55D4372243BB}.Debug|Any CPU.ActiveCfg = Debug|Any CPU
		{74A6EA61-E9B2-4AC6-A56C-55D4372243BB}.Debug|Any CPU.Build.0 = Debug|Any CPU
		{74A6EA61-E9B2-4AC6-A56C-55D4372243BB}.Release|Any CPU.ActiveCfg = Release|Any CPU
		{74A6EA61-E9B2-4AC6-A56C-55D4372243BB}.Release|Any CPU.Build.0 = Release|Any CPU
		{5BCAAF3D-B0CB-41FB-BA3D-15119281BDD9}.Debug|Any CPU.ActiveCfg = Debug|Any CPU
		{5BCAAF3D-B0CB-41FB-BA3D-15119281BDD9}.Debug|Any CPU.Build.0 = Debug|Any CPU
		{5BCAAF3D-B0CB-41FB-BA3D-15119281BDD9}.Release|Any CPU.ActiveCfg = Release|Any CPU
		{5BCAAF3D-B0CB-41FB-BA3D-15119281BDD9}.Release|Any CPU.Build.0 = Release|Any CPU
		{DBA3465C-7F6B-4C95-8FB5-74EED7C8F215}.Debug|Any CPU.ActiveCfg = Debug|Any CPU
		{DBA3465C-7F6B-4C95-8FB5-74EED7C8F215}.Debug|Any CPU.Build.0 = Debug|Any CPU
		{DBA3465C-7F6B-4C95-8FB5-74EED7C8F215}.Release|Any CPU.ActiveCfg = Release|Any CPU
		{DBA3465C-7F6B-4C95-8FB5-74EED7C8F215}.Release|Any CPU.Build.0 = Release|Any CPU
		{DFB2D41E-7697-4820-B913-3D72E3F4B589}.Debug|Any CPU.ActiveCfg = Debug|Any CPU
		{DFB2D41E-7697-4820-B913-3D72E3F4B589}.Debug|Any CPU.Build.0 = Debug|Any CPU
		{DFB2D41E-7697-4820-B913-3D72E3F4B589}.Release|Any CPU.ActiveCfg = Release|Any CPU
		{DFB2D41E-7697-4820-B913-3D72E3F4B589}.Release|Any CPU.Build.0 = Release|Any CPU
	EndGlobalSection
	GlobalSection(SolutionProperties) = preSolution
		HideSolutionNode = FALSE
	EndGlobalSection
	GlobalSection(ExtensibilityGlobals) = postSolution
		SolutionGuid = {E78E4F09-9444-4AAB-BBB8-E35F61500765}
	EndGlobalSection
EndGlobal
